// !$*UTF8*$!
{
	archiveVersion = 1;
	classes = {
	};
	objectVersion = 50;
	objects = {

/* Begin PBXBuildFile section */
		AA9788982300A588006E410B /* AppDelegate.swift in Sources */ = {isa = PBXBuildFile; fileRef = AA9788972300A588006E410B /* AppDelegate.swift */; };
		AA97889A2300A588006E410B /* FirstViewController.swift in Sources */ = {isa = PBXBuildFile; fileRef = AA9788992300A588006E410B /* FirstViewController.swift */; };
		AA97889C2300A588006E410B /* SecondViewController.swift in Sources */ = {isa = PBXBuildFile; fileRef = AA97889B2300A588006E410B /* SecondViewController.swift */; };
		AA97889F2300A588006E410B /* Main.storyboard in Resources */ = {isa = PBXBuildFile; fileRef = AA97889D2300A588006E410B /* Main.storyboard */; };
		AA9788A12300A589006E410B /* Assets.xcassets in Resources */ = {isa = PBXBuildFile; fileRef = AA9788A02300A589006E410B /* Assets.xcassets */; };
		AA9788A42300A589006E410B /* LaunchScreen.storyboard in Resources */ = {isa = PBXBuildFile; fileRef = AA9788A22300A589006E410B /* LaunchScreen.storyboard */; };
		AA9788AF2300A589006E410B /* efficiencyTests.swift in Sources */ = {isa = PBXBuildFile; fileRef = AA9788AE2300A589006E410B /* efficiencyTests.swift */; };
		AA9788BA2300A589006E410B /* efficiencyUITests.swift in Sources */ = {isa = PBXBuildFile; fileRef = AA9788B92300A589006E410B /* efficiencyUITests.swift */; };
/* End PBXBuildFile section */

/* Begin PBXContainerItemProxy section */
		AA9788AB2300A589006E410B /* PBXContainerItemProxy */ = {
			isa = PBXContainerItemProxy;
			containerPortal = AA97888C2300A588006E410B /* Project object */;
			proxyType = 1;
			remoteGlobalIDString = AA9788932300A588006E410B;
			remoteInfo = efficiency;
		};
		AA9788B62300A589006E410B /* PBXContainerItemProxy */ = {
			isa = PBXContainerItemProxy;
			containerPortal = AA97888C2300A588006E410B /* Project object */;
			proxyType = 1;
			remoteGlobalIDString = AA9788932300A588006E410B;
			remoteInfo = efficiency;
		};
/* End PBXContainerItemProxy section */

/* Begin PBXFileReference section */
		AA9788942300A588006E410B /* efficiency.app */ = {isa = PBXFileReference; explicitFileType = wrapper.application; includeInIndex = 0; path = efficiency.app; sourceTree = BUILT_PRODUCTS_DIR; };
		AA9788972300A588006E410B /* AppDelegate.swift */ = {isa = PBXFileReference; lastKnownFileType = sourcecode.swift; path = AppDelegate.swift; sourceTree = "<group>"; };
		AA9788992300A588006E410B /* FirstViewController.swift */ = {isa = PBXFileReference; lastKnownFileType = sourcecode.swift; path = FirstViewController.swift; sourceTree = "<group>"; };
		AA97889B2300A588006E410B /* SecondViewController.swift */ = {isa = PBXFileReference; lastKnownFileType = sourcecode.swift; path = SecondViewController.swift; sourceTree = "<group>"; };
		AA97889E2300A588006E410B /* Base */ = {isa = PBXFileReference; lastKnownFileType = file.storyboard; name = Base; path = Base.lproj/Main.storyboard; sourceTree = "<group>"; };
		AA9788A02300A589006E410B /* Assets.xcassets */ = {isa = PBXFileReference; lastKnownFileType = folder.assetcatalog; path = Assets.xcassets; sourceTree = "<group>"; };
		AA9788A32300A589006E410B /* Base */ = {isa = PBXFileReference; lastKnownFileType = file.storyboard; name = Base; path = Base.lproj/LaunchScreen.storyboard; sourceTree = "<group>"; };
		AA9788A52300A589006E410B /* Info.plist */ = {isa = PBXFileReference; lastKnownFileType = text.plist.xml; path = Info.plist; sourceTree = "<group>"; };
		AA9788AA2300A589006E410B /* efficiencyTests.xctest */ = {isa = PBXFileReference; explicitFileType = wrapper.cfbundle; includeInIndex = 0; path = efficiencyTests.xctest; sourceTree = BUILT_PRODUCTS_DIR; };
		AA9788AE2300A589006E410B /* efficiencyTests.swift */ = {isa = PBXFileReference; lastKnownFileType = sourcecode.swift; path = efficiencyTests.swift; sourceTree = "<group>"; };
		AA9788B02300A589006E410B /* Info.plist */ = {isa = PBXFileReference; lastKnownFileType = text.plist.xml; path = Info.plist; sourceTree = "<group>"; };
		AA9788B52300A589006E410B /* efficiencyUITests.xctest */ = {isa = PBXFileReference; explicitFileType = wrapper.cfbundle; includeInIndex = 0; path = efficiencyUITests.xctest; sourceTree = BUILT_PRODUCTS_DIR; };
		AA9788B92300A589006E410B /* efficiencyUITests.swift */ = {isa = PBXFileReference; lastKnownFileType = sourcecode.swift; path = efficiencyUITests.swift; sourceTree = "<group>"; };
		AA9788BB2300A589006E410B /* Info.plist */ = {isa = PBXFileReference; lastKnownFileType = text.plist.xml; path = Info.plist; sourceTree = "<group>"; };
/* End PBXFileReference section */

/* Begin PBXFrameworksBuildPhase section */
		AA9788912300A588006E410B /* Frameworks */ = {
			isa = PBXFrameworksBuildPhase;
			buildActionMask = 2147483647;
			files = (
			);
			runOnlyForDeploymentPostprocessing = 0;
		};
		AA9788A72300A589006E410B /* Frameworks */ = {
			isa = PBXFrameworksBuildPhase;
			buildActionMask = 2147483647;
			files = (
			);
			runOnlyForDeploymentPostprocessing = 0;
		};
		AA9788B22300A589006E410B /* Frameworks */ = {
			isa = PBXFrameworksBuildPhase;
			buildActionMask = 2147483647;
			files = (
			);
			runOnlyForDeploymentPostprocessing = 0;
		};
/* End PBXFrameworksBuildPhase section */

/* Begin PBXGroup section */
		AA97888B2300A588006E410B = {
			isa = PBXGroup;
			children = (
				AA9788962300A588006E410B /* efficiency */,
				AA9788AD2300A589006E410B /* efficiencyTests */,
				AA9788B82300A589006E410B /* efficiencyUITests */,
				AA9788952300A588006E410B /* Products */,
			);
			sourceTree = "<group>";
		};
		AA9788952300A588006E410B /* Products */ = {
			isa = PBXGroup;
			children = (
				AA9788942300A588006E410B /* efficiency.app */,
				AA9788AA2300A589006E410B /* efficiencyTests.xctest */,
				AA9788B52300A589006E410B /* efficiencyUITests.xctest */,
			);
			name = Products;
			sourceTree = "<group>";
		};
		AA9788962300A588006E410B /* efficiency */ = {
			isa = PBXGroup;
			children = (
				AA9788972300A588006E410B /* AppDelegate.swift */,
				AA9788992300A588006E410B /* FirstViewController.swift */,
				AA97889B2300A588006E410B /* SecondViewController.swift */,
				AA97889D2300A588006E410B /* Main.storyboard */,
				AA9788A02300A589006E410B /* Assets.xcassets */,
				AA9788A22300A589006E410B /* LaunchScreen.storyboard */,
				AA9788A52300A589006E410B /* Info.plist */,
			);
			path = efficiency;
			sourceTree = "<group>";
		};
		AA9788AD2300A589006E410B /* efficiencyTests */ = {
			isa = PBXGroup;
			children = (
				AA9788AE2300A589006E410B /* efficiencyTests.swift */,
				AA9788B02300A589006E410B /* Info.plist */,
			);
			path = efficiencyTests;
			sourceTree = "<group>";
		};
		AA9788B82300A589006E410B /* efficiencyUITests */ = {
			isa = PBXGroup;
			children = (
				AA9788B92300A589006E410B /* efficiencyUITests.swift */,
				AA9788BB2300A589006E410B /* Info.plist */,
			);
			path = efficiencyUITests;
			sourceTree = "<group>";
		};
/* End PBXGroup section */

/* Begin PBXNativeTarget section */
		AA9788932300A588006E410B /* efficiency */ = {
			isa = PBXNativeTarget;
			buildConfigurationList = AA9788BE2300A589006E410B /* Build configuration list for PBXNativeTarget "efficiency" */;
			buildPhases = (
				AA9788902300A588006E410B /* Sources */,
				AA9788912300A588006E410B /* Frameworks */,
				AA9788922300A588006E410B /* Resources */,
			);
			buildRules = (
			);
			dependencies = (
			);
			name = efficiency;
			productName = efficiency;
			productReference = AA9788942300A588006E410B /* efficiency.app */;
			productType = "com.apple.product-type.application";
		};
		AA9788A92300A589006E410B /* efficiencyTests */ = {
			isa = PBXNativeTarget;
			buildConfigurationList = AA9788C12300A589006E410B /* Build configuration list for PBXNativeTarget "efficiencyTests" */;
			buildPhases = (
				AA9788A62300A589006E410B /* Sources */,
				AA9788A72300A589006E410B /* Frameworks */,
				AA9788A82300A589006E410B /* Resources */,
			);
			buildRules = (
			);
			dependencies = (
				AA9788AC2300A589006E410B /* PBXTargetDependency */,
			);
			name = efficiencyTests;
			productName = efficiencyTests;
			productReference = AA9788AA2300A589006E410B /* efficiencyTests.xctest */;
			productType = "com.apple.product-type.bundle.unit-test";
		};
		AA9788B42300A589006E410B /* efficiencyUITests */ = {
			isa = PBXNativeTarget;
			buildConfigurationList = AA9788C42300A589006E410B /* Build configuration list for PBXNativeTarget "efficiencyUITests" */;
			buildPhases = (
				AA9788B12300A589006E410B /* Sources */,
				AA9788B22300A589006E410B /* Frameworks */,
				AA9788B32300A589006E410B /* Resources */,
			);
			buildRules = (
			);
			dependencies = (
				AA9788B72300A589006E410B /* PBXTargetDependency */,
			);
			name = efficiencyUITests;
			productName = efficiencyUITests;
			productReference = AA9788B52300A589006E410B /* efficiencyUITests.xctest */;
			productType = "com.apple.product-type.bundle.ui-testing";
		};
/* End PBXNativeTarget section */

/* Begin PBXProject section */
		AA97888C2300A588006E410B /* Project object */ = {
			isa = PBXProject;
			attributes = {
				LastSwiftUpdateCheck = 1030;
				LastUpgradeCheck = 1030;
				ORGANIZATIONNAME = "Glynn Jordan";
				TargetAttributes = {
					AA9788932300A588006E410B = {
						CreatedOnToolsVersion = 10.3;
					};
					AA9788A92300A589006E410B = {
						CreatedOnToolsVersion = 10.3;
						TestTargetID = AA9788932300A588006E410B;
					};
					AA9788B42300A589006E410B = {
						CreatedOnToolsVersion = 10.3;
						TestTargetID = AA9788932300A588006E410B;
					};
				};
			};
			buildConfigurationList = AA97888F2300A588006E410B /* Build configuration list for PBXProject "efficiency" */;
			compatibilityVersion = "Xcode 9.3";
			developmentRegion = en;
			hasScannedForEncodings = 0;
			knownRegions = (
				en,
				Base,
			);
			mainGroup = AA97888B2300A588006E410B;
			productRefGroup = AA9788952300A588006E410B /* Products */;
			projectDirPath = "";
			projectRoot = "";
			targets = (
				AA9788932300A588006E410B /* efficiency */,
				AA9788A92300A589006E410B /* efficiencyTests */,
				AA9788B42300A589006E410B /* efficiencyUITests */,
			);
		};
/* End PBXProject section */

/* Begin PBXResourcesBuildPhase section */
		AA9788922300A588006E410B /* Resources */ = {
			isa = PBXResourcesBuildPhase;
			buildActionMask = 2147483647;
			files = (
				AA9788A42300A589006E410B /* LaunchScreen.storyboard in Resources */,
				AA9788A12300A589006E410B /* Assets.xcassets in Resources */,
				AA97889F2300A588006E410B /* Main.storyboard in Resources */,
			);
			runOnlyForDeploymentPostprocessing = 0;
		};
		AA9788A82300A589006E410B /* Resources */ = {
			isa = PBXResourcesBuildPhase;
			buildActionMask = 2147483647;
			files = (
			);
			runOnlyForDeploymentPostprocessing = 0;
		};
		AA9788B32300A589006E410B /* Resources */ = {
			isa = PBXResourcesBuildPhase;
			buildActionMask = 2147483647;
			files = (
			);
			runOnlyForDeploymentPostprocessing = 0;
		};
/* End PBXResourcesBuildPhase section */

/* Begin PBXSourcesBuildPhase section */
		AA9788902300A588006E410B /* Sources */ = {
			isa = PBXSourcesBuildPhase;
			buildActionMask = 2147483647;
			files = (
				AA97889C2300A588006E410B /* SecondViewController.swift in Sources */,
				AA9788982300A588006E410B /* AppDelegate.swift in Sources */,
				AA97889A2300A588006E410B /* FirstViewController.swift in Sources */,
			);
			runOnlyForDeploymentPostprocessing = 0;
		};
		AA9788A62300A589006E410B /* Sources */ = {
			isa = PBXSourcesBuildPhase;
			buildActionMask = 2147483647;
			files = (
				AA9788AF2300A589006E410B /* efficiencyTests.swift in Sources */,
			);
			runOnlyForDeploymentPostprocessing = 0;
		};
		AA9788B12300A589006E410B /* Sources */ = {
			isa = PBXSourcesBuildPhase;
			buildActionMask = 2147483647;
			files = (
				AA9788BA2300A589006E410B /* efficiencyUITests.swift in Sources */,
			);
			runOnlyForDeploymentPostprocessing = 0;
		};
/* End PBXSourcesBuildPhase section */

/* Begin PBXTargetDependency section */
		AA9788AC2300A589006E410B /* PBXTargetDependency */ = {
			isa = PBXTargetDependency;
			target = AA9788932300A588006E410B /* efficiency */;
			targetProxy = AA9788AB2300A589006E410B /* PBXContainerItemProxy */;
		};
		AA9788B72300A589006E410B /* PBXTargetDependency */ = {
			isa = PBXTargetDependency;
			target = AA9788932300A588006E410B /* efficiency */;
			targetProxy = AA9788B62300A589006E410B /* PBXContainerItemProxy */;
		};
/* End PBXTargetDependency section */

/* Begin PBXVariantGroup section */
		AA97889D2300A588006E410B /* Main.storyboard */ = {
			isa = PBXVariantGroup;
			children = (
				AA97889E2300A588006E410B /* Base */,
			);
			name = Main.storyboard;
			sourceTree = "<group>";
		};
		AA9788A22300A589006E410B /* LaunchScreen.storyboard */ = {
			isa = PBXVariantGroup;
			children = (
				AA9788A32300A589006E410B /* Base */,
			);
			name = LaunchScreen.storyboard;
			sourceTree = "<group>";
		};
/* End PBXVariantGroup section */

/* Begin XCBuildConfiguration section */
		AA9788BC2300A589006E410B /* Debug */ = {
			isa = XCBuildConfiguration;
			buildSettings = {
				ALWAYS_SEARCH_USER_PATHS = NO;
				CLANG_ANALYZER_NONNULL = YES;
				CLANG_ANALYZER_NUMBER_OBJECT_CONVERSION = YES_AGGRESSIVE;
				CLANG_CXX_LANGUAGE_STANDARD = "gnu++14";
				CLANG_CXX_LIBRARY = "libc++";
				CLANG_ENABLE_MODULES = YES;
				CLANG_ENABLE_OBJC_ARC = YES;
				CLANG_ENABLE_OBJC_WEAK = YES;
				CLANG_WARN_BLOCK_CAPTURE_AUTORELEASING = YES;
				CLANG_WARN_BOOL_CONVERSION = YES;
				CLANG_WARN_COMMA = YES;
				CLANG_WARN_CONSTANT_CONVERSION = YES;
				CLANG_WARN_DEPRECATED_OBJC_IMPLEMENTATIONS = YES;
				CLANG_WARN_DIRECT_OBJC_ISA_USAGE = YES_ERROR;
				CLANG_WARN_DOCUMENTATION_COMMENTS = YES;
				CLANG_WARN_EMPTY_BODY = YES;
				CLANG_WARN_ENUM_CONVERSION = YES;
				CLANG_WARN_INFINITE_RECURSION = YES;
				CLANG_WARN_INT_CONVERSION = YES;
				CLANG_WARN_NON_LITERAL_NULL_CONVERSION = YES;
				CLANG_WARN_OBJC_IMPLICIT_RETAIN_SELF = YES;
				CLANG_WARN_OBJC_LITERAL_CONVERSION = YES;
				CLANG_WARN_OBJC_ROOT_CLASS = YES_ERROR;
				CLANG_WARN_RANGE_LOOP_ANALYSIS = YES;
				CLANG_WARN_STRICT_PROTOTYPES = YES;
				CLANG_WARN_SUSPICIOUS_MOVE = YES;
				CLANG_WARN_UNGUARDED_AVAILABILITY = YES_AGGRESSIVE;
				CLANG_WARN_UNREACHABLE_CODE = YES;
				CLANG_WARN__DUPLICATE_METHOD_MATCH = YES;
				CODE_SIGN_IDENTITY = "iPhone Developer";
				COPY_PHASE_STRIP = NO;
				DEBUG_INFORMATION_FORMAT = dwarf;
				ENABLE_STRICT_OBJC_MSGSEND = YES;
				ENABLE_TESTABILITY = YES;
				GCC_C_LANGUAGE_STANDARD = gnu11;
				GCC_DYNAMIC_NO_PIC = NO;
				GCC_NO_COMMON_BLOCKS = YES;
				GCC_OPTIMIZATION_LEVEL = 0;
				GCC_PREPROCESSOR_DEFINITIONS = (
					"DEBUG=1",
					"$(inherited)",
				);
				GCC_WARN_64_TO_32_BIT_CONVERSION = YES;
				GCC_WARN_ABOUT_RETURN_TYPE = YES_ERROR;
				GCC_WARN_UNDECLARED_SELECTOR = YES;
				GCC_WARN_UNINITIALIZED_AUTOS = YES_AGGRESSIVE;
				GCC_WARN_UNUSED_FUNCTION = YES;
				GCC_WARN_UNUSED_VARIABLE = YES;
				IPHONEOS_DEPLOYMENT_TARGET = 12.4;
				MTL_ENABLE_DEBUG_INFO = INCLUDE_SOURCE;
				MTL_FAST_MATH = YES;
				ONLY_ACTIVE_ARCH = YES;
				SDKROOT = iphoneos;
				SWIFT_ACTIVE_COMPILATION_CONDITIONS = DEBUG;
				SWIFT_OPTIMIZATION_LEVEL = "-Onone";
			};
			name = Debug;
		};
		AA9788BD2300A589006E410B /* Release */ = {
			isa = XCBuildConfiguration;
			buildSettings = {
				ALWAYS_SEARCH_USER_PATHS = NO;
				CLANG_ANALYZER_NONNULL = YES;
				CLANG_ANALYZER_NUMBER_OBJECT_CONVERSION = YES_AGGRESSIVE;
				CLANG_CXX_LANGUAGE_STANDARD = "gnu++14";
				CLANG_CXX_LIBRARY = "libc++";
				CLANG_ENABLE_MODULES = YES;
				CLANG_ENABLE_OBJC_ARC = YES;
				CLANG_ENABLE_OBJC_WEAK = YES;
				CLANG_WARN_BLOCK_CAPTURE_AUTORELEASING = YES;
				CLANG_WARN_BOOL_CONVERSION = YES;
				CLANG_WARN_COMMA = YES;
				CLANG_WARN_CONSTANT_CONVERSION = YES;
				CLANG_WARN_DEPRECATED_OBJC_IMPLEMENTATIONS = YES;
				CLANG_WARN_DIRECT_OBJC_ISA_USAGE = YES_ERROR;
				CLANG_WARN_DOCUMENTATION_COMMENTS = YES;
				CLANG_WARN_EMPTY_BODY = YES;
				CLANG_WARN_ENUM_CONVERSION = YES;
				CLANG_WARN_INFINITE_RECURSION = YES;
				CLANG_WARN_INT_CONVERSION = YES;
				CLANG_WARN_NON_LITERAL_NULL_CONVERSION = YES;
				CLANG_WARN_OBJC_IMPLICIT_RETAIN_SELF = YES;
				CLANG_WARN_OBJC_LITERAL_CONVERSION = YES;
				CLANG_WARN_OBJC_ROOT_CLASS = YES_ERROR;
				CLANG_WARN_RANGE_LOOP_ANALYSIS = YES;
				CLANG_WARN_STRICT_PROTOTYPES = YES;
				CLANG_WARN_SUSPICIOUS_MOVE = YES;
				CLANG_WARN_UNGUARDED_AVAILABILITY = YES_AGGRESSIVE;
				CLANG_WARN_UNREACHABLE_CODE = YES;
				CLANG_WARN__DUPLICATE_METHOD_MATCH = YES;
				CODE_SIGN_IDENTITY = "iPhone Developer";
				COPY_PHASE_STRIP = NO;
				DEBUG_INFORMATION_FORMAT = "dwarf-with-dsym";
				ENABLE_NS_ASSERTIONS = NO;
				ENABLE_STRICT_OBJC_MSGSEND = YES;
				GCC_C_LANGUAGE_STANDARD = gnu11;
				GCC_NO_COMMON_BLOCKS = YES;
				GCC_WARN_64_TO_32_BIT_CONVERSION = YES;
				GCC_WARN_ABOUT_RETURN_TYPE = YES_ERROR;
				GCC_WARN_UNDECLARED_SELECTOR = YES;
				GCC_WARN_UNINITIALIZED_AUTOS = YES_AGGRESSIVE;
				GCC_WARN_UNUSED_FUNCTION = YES;
				GCC_WARN_UNUSED_VARIABLE = YES;
				IPHONEOS_DEPLOYMENT_TARGET = 12.4;
				MTL_ENABLE_DEBUG_INFO = NO;
				MTL_FAST_MATH = YES;
				SDKROOT = iphoneos;
				SWIFT_COMPILATION_MODE = wholemodule;
				SWIFT_OPTIMIZATION_LEVEL = "-O";
				VALIDATE_PRODUCT = YES;
			};
			name = Release;
		};
		AA9788BF2300A589006E410B /* Debug */ = {
			isa = XCBuildConfiguration;
			buildSettings = {
				ASSETCATALOG_COMPILER_APPICON_NAME = AppIcon;
				CODE_SIGN_STYLE = Automatic;
				DEVELOPMENT_TEAM = QZ2UR58P4N;
				INFOPLIST_FILE = efficiency/Info.plist;
				LD_RUNPATH_SEARCH_PATHS = (
					"$(inherited)",
					"@executable_path/Frameworks",
				);
				PRODUCT_BUNDLE_IDENTIFIER = com.glynnjordan.efficiency;
				PRODUCT_NAME = "$(TARGET_NAME)";
				SWIFT_VERSION = 5.0;
				TARGETED_DEVICE_FAMILY = "1,2";
			};
			name = Debug;
		};
		AA9788C02300A589006E410B /* Release */ = {
			isa = XCBuildConfiguration;
			buildSettings = {
				ASSETCATALOG_COMPILER_APPICON_NAME = AppIcon;
				CODE_SIGN_STYLE = Automatic;
				DEVELOPMENT_TEAM = QZ2UR58P4N;
				INFOPLIST_FILE = efficiency/Info.plist;
				LD_RUNPATH_SEARCH_PATHS = (
					"$(inherited)",
					"@executable_path/Frameworks",
				);
				PRODUCT_BUNDLE_IDENTIFIER = com.glynnjordan.efficiency;
				PRODUCT_NAME = "$(TARGET_NAME)";
				SWIFT_VERSION = 5.0;
				TARGETED_DEVICE_FAMILY = "1,2";
			};
			name = Release;
		};
		AA9788C22300A589006E410B /* Debug */ = {
			isa = XCBuildConfiguration;
			buildSettings = {
				ALWAYS_EMBED_SWIFT_STANDARD_LIBRARIES = YES;
				BUNDLE_LOADER = "$(TEST_HOST)";
				CODE_SIGN_STYLE = Automatic;
				INFOPLIST_FILE = efficiencyTests/Info.plist;
				LD_RUNPATH_SEARCH_PATHS = (
					"$(inherited)",
					"@executable_path/Frameworks",
					"@loader_path/Frameworks",
				);
				PRODUCT_BUNDLE_IDENTIFIER = glynnjordan.efficiencyTests;
				PRODUCT_NAME = "$(TARGET_NAME)";
				SWIFT_VERSION = 5.0;
				TARGETED_DEVICE_FAMILY = "1,2";
				TEST_HOST = "$(BUILT_PRODUCTS_DIR)/efficiency.app/efficiency";
			};
			name = Debug;
		};
		AA9788C32300A589006E410B /* Release */ = {
			isa = XCBuildConfiguration;
			buildSettings = {
				ALWAYS_EMBED_SWIFT_STANDARD_LIBRARIES = YES;
				BUNDLE_LOADER = "$(TEST_HOST)";
				CODE_SIGN_STYLE = Automatic;
				INFOPLIST_FILE = efficiencyTests/Info.plist;
				LD_RUNPATH_SEARCH_PATHS = (
					"$(inherited)",
					"@executable_path/Frameworks",
					"@loader_path/Frameworks",
				);
				PRODUCT_BUNDLE_IDENTIFIER = glynnjordan.efficiencyTests;
				PRODUCT_NAME = "$(TARGET_NAME)";
				SWIFT_VERSION = 5.0;
				TARGETED_DEVICE_FAMILY = "1,2";
				TEST_HOST = "$(BUILT_PRODUCTS_DIR)/efficiency.app/efficiency";
			};
			name = Release;
		};
		AA9788C52300A589006E410B /* Debug */ = {
			isa = XCBuildConfiguration;
			buildSettings = {
				ALWAYS_EMBED_SWIFT_STANDARD_LIBRARIES = YES;
				CODE_SIGN_STYLE = Automatic;
				INFOPLIST_FILE = efficiencyUITests/Info.plist;
				LD_RUNPATH_SEARCH_PATHS = (
					"$(inherited)",
					"@executable_path/Frameworks",
					"@loader_path/Frameworks",
				);
				PRODUCT_BUNDLE_IDENTIFIER = glynnjordan.efficiencyUITests;
				PRODUCT_NAME = "$(TARGET_NAME)";
				SWIFT_VERSION = 5.0;
				TARGETED_DEVICE_FAMILY = "1,2";
				TEST_TARGET_NAME = efficiency;
			};
			name = Debug;
		};
		AA9788C62300A589006E410B /* Release */ = {
			isa = XCBuildConfiguration;
			buildSettings = {
				ALWAYS_EMBED_SWIFT_STANDARD_LIBRARIES = YES;
				CODE_SIGN_STYLE = Automatic;
				INFOPLIST_FILE = efficiencyUITests/Info.plist;
				LD_RUNPATH_SEARCH_PATHS = (
					"$(inherited)",
					"@executable_path/Frameworks",
					"@loader_path/Frameworks",
				);
				PRODUCT_BUNDLE_IDENTIFIER = glynnjordan.efficiencyUITests;
				PRODUCT_NAME = "$(TARGET_NAME)";
				SWIFT_VERSION = 5.0;
				TARGETED_DEVICE_FAMILY = "1,2";
				TEST_TARGET_NAME = efficiency;
			};
			name = Release;
		};
/* End XCBuildConfiguration section */

/* Begin XCConfigurationList section */
		AA97888F2300A588006E410B /* Build configuration list for PBXProject "efficiency" */ = {
			isa = XCConfigurationList;
			buildConfigurations = (
				AA9788BC2300A589006E410B /* Debug */,
				AA9788BD2300A589006E410B /* Release */,
			);
			defaultConfigurationIsVisible = 0;
			defaultConfigurationName = Release;
		};
		AA9788BE2300A589006E410B /* Build configuration list for PBXNativeTarget "efficiency" */ = {
			isa = XCConfigurationList;
			buildConfigurations = (
				AA9788BF2300A589006E410B /* Debug */,
				AA9788C02300A589006E410B /* Release */,
			);
			defaultConfigurationIsVisible = 0;
			defaultConfigurationName = Release;
		};
		AA9788C12300A589006E410B /* Build configuration list for PBXNativeTarget "efficiencyTests" */ = {
			isa = XCConfigurationList;
			buildConfigurations = (
				AA9788C22300A589006E410B /* Debug */,
				AA9788C32300A589006E410B /* Release */,
			);
			defaultConfigurationIsVisible = 0;
			defaultConfigurationName = Release;
		};
		AA9788C42300A589006E410B /* Build configuration list for PBXNativeTarget "efficiencyUITests" */ = {
			isa = XCConfigurationList;
			buildConfigurations = (
				AA9788C52300A589006E410B /* Debug */,
				AA9788C62300A589006E410B /* Release */,
			);
			defaultConfigurationIsVisible = 0;
			defaultConfigurationName = Release;
		};
/* End XCConfigurationList section */
	};
	rootObject = AA97888C2300A588006E410B /* Project object */;
}
